// !$*UTF8*$!
{
	archiveVersion = 1;
	classes = {
	};
	objectVersion = 46;
	objects = {

/* Begin PBXBuildFile section */
		71F3EFDC1B3FC6F200F40C6A /* main.m in Sources */ = {isa = PBXBuildFile; fileRef = 71F3EFDB1B3FC6F200F40C6A /* main.m */; };
		71F3EFDF1B3FC6F200F40C6A /* AppDelegate.m in Sources */ = {isa = PBXBuildFile; fileRef = 71F3EFDE1B3FC6F200F40C6A /* AppDelegate.m */; };
		71F3EFE21B3FC6F200F40C6A /* ViewController.m in Sources */ = {isa = PBXBuildFile; fileRef = 71F3EFE11B3FC6F200F40C6A /* ViewController.m */; };
		71F3EFE71B3FC6F200F40C6A /* Images.xcassets in Resources */ = {isa = PBXBuildFile; fileRef = 71F3EFE61B3FC6F200F40C6A /* Images.xcassets */; };
		71F3EFEA1B3FC6F200F40C6A /* LaunchScreen.xib in Resources */ = {isa = PBXBuildFile; fileRef = 71F3EFE81B3FC6F200F40C6A /* LaunchScreen.xib */; };
		71F3EFF61B3FC6F200F40C6A /* OneTwoTrip_TestTests.m in Sources */ = {isa = PBXBuildFile; fileRef = 71F3EFF51B3FC6F200F40C6A /* OneTwoTrip_TestTests.m */; };
		71F3F0021B3FC72B00F40C6A /* Man.m in Sources */ = {isa = PBXBuildFile; fileRef = 71F3F0011B3FC72B00F40C6A /* Man.m */; };
		71F3F0051B3FCA9000F40C6A /* DataSource.m in Sources */ = {isa = PBXBuildFile; fileRef = 71F3F0041B3FCA9000F40C6A /* DataSource.m */; };
		71F3F0071B3FCFCA00F40C6A /* Main.storyboard in Resources */ = {isa = PBXBuildFile; fileRef = 71F3F0061B3FCFCA00F40C6A /* Main.storyboard */; };
		71F3F00A1B3FD1B200F40C6A /* TableViewCell.m in Sources */ = {isa = PBXBuildFile; fileRef = 71F3F0091B3FD1B200F40C6A /* TableViewCell.m */; };
/* End PBXBuildFile section */

/* Begin PBXContainerItemProxy section */
		71F3EFF01B3FC6F200F40C6A /* PBXContainerItemProxy */ = {
			isa = PBXContainerItemProxy;
			containerPortal = 71F3EFCE1B3FC6F200F40C6A /* Project object */;
			proxyType = 1;
			remoteGlobalIDString = 71F3EFD51B3FC6F200F40C6A;
			remoteInfo = OneTwoTrip_Test;
		};
/* End PBXContainerItemProxy section */

/* Begin PBXFileReference section */
		71F3EFD61B3FC6F200F40C6A /* OneTwoTrip_Test.app */ = {isa = PBXFileReference; explicitFileType = wrapper.application; includeInIndex = 0; path = OneTwoTrip_Test.app; sourceTree = BUILT_PRODUCTS_DIR; };
		71F3EFDA1B3FC6F200F40C6A /* Info.plist */ = {isa = PBXFileReference; lastKnownFileType = text.plist.xml; path = Info.plist; sourceTree = "<group>"; };
		71F3EFDB1B3FC6F200F40C6A /* main.m */ = {isa = PBXFileReference; lastKnownFileType = sourcecode.c.objc; path = main.m; sourceTree = "<group>"; };
		71F3EFDD1B3FC6F200F40C6A /* AppDelegate.h */ = {isa = PBXFileReference; lastKnownFileType = sourcecode.c.h; path = AppDelegate.h; sourceTree = "<group>"; };
		71F3EFDE1B3FC6F200F40C6A /* AppDelegate.m */ = {isa = PBXFileReference; lastKnownFileType = sourcecode.c.objc; path = AppDelegate.m; sourceTree = "<group>"; };
		71F3EFE01B3FC6F200F40C6A /* ViewController.h */ = {isa = PBXFileReference; lastKnownFileType = sourcecode.c.h; path = ViewController.h; sourceTree = "<group>"; };
		71F3EFE11B3FC6F200F40C6A /* ViewController.m */ = {isa = PBXFileReference; lastKnownFileType = sourcecode.c.objc; path = ViewController.m; sourceTree = "<group>"; };
		71F3EFE61B3FC6F200F40C6A /* Images.xcassets */ = {isa = PBXFileReference; lastKnownFileType = folder.assetcatalog; path = Images.xcassets; sourceTree = "<group>"; };
		71F3EFE91B3FC6F200F40C6A /* Base */ = {isa = PBXFileReference; lastKnownFileType = file.xib; name = Base; path = Base.lproj/LaunchScreen.xib; sourceTree = "<group>"; };
		71F3EFEF1B3FC6F200F40C6A /* OneTwoTrip_TestTests.xctest */ = {isa = PBXFileReference; explicitFileType = wrapper.cfbundle; includeInIndex = 0; path = OneTwoTrip_TestTests.xctest; sourceTree = BUILT_PRODUCTS_DIR; };
		71F3EFF41B3FC6F200F40C6A /* Info.plist */ = {isa = PBXFileReference; lastKnownFileType = text.plist.xml; path = Info.plist; sourceTree = "<group>"; };
		71F3EFF51B3FC6F200F40C6A /* OneTwoTrip_TestTests.m */ = {isa = PBXFileReference; lastKnownFileType = sourcecode.c.objc; path = OneTwoTrip_TestTests.m; sourceTree = "<group>"; };
		71F3F0001B3FC72B00F40C6A /* Man.h */ = {isa = PBXFileReference; fileEncoding = 4; lastKnownFileType = sourcecode.c.h; path = Man.h; sourceTree = "<group>"; };
		71F3F0011B3FC72B00F40C6A /* Man.m */ = {isa = PBXFileReference; fileEncoding = 4; lastKnownFileType = sourcecode.c.objc; path = Man.m; sourceTree = "<group>"; };
		71F3F0031B3FCA9000F40C6A /* DataSource.h */ = {isa = PBXFileReference; fileEncoding = 4; lastKnownFileType = sourcecode.c.h; path = DataSource.h; sourceTree = "<group>"; };
		71F3F0041B3FCA9000F40C6A /* DataSource.m */ = {isa = PBXFileReference; fileEncoding = 4; lastKnownFileType = sourcecode.c.objc; path = DataSource.m; sourceTree = "<group>"; };
		71F3F0061B3FCFCA00F40C6A /* Main.storyboard */ = {isa = PBXFileReference; fileEncoding = 4; lastKnownFileType = file.storyboard; path = Main.storyboard; sourceTree = "<group>"; };
		71F3F0081B3FD1B200F40C6A /* TableViewCell.h */ = {isa = PBXFileReference; fileEncoding = 4; lastKnownFileType = sourcecode.c.h; path = TableViewCell.h; sourceTree = "<group>"; };
		71F3F0091B3FD1B200F40C6A /* TableViewCell.m */ = {isa = PBXFileReference; fileEncoding = 4; lastKnownFileType = sourcecode.c.objc; path = TableViewCell.m; sourceTree = "<group>"; };
/* End PBXFileReference section */

/* Begin PBXFrameworksBuildPhase section */
		71F3EFD31B3FC6F200F40C6A /* Frameworks */ = {
			isa = PBXFrameworksBuildPhase;
			buildActionMask = 2147483647;
			files = (
			);
			runOnlyForDeploymentPostprocessing = 0;
		};
		71F3EFEC1B3FC6F200F40C6A /* Frameworks */ = {
			isa = PBXFrameworksBuildPhase;
			buildActionMask = 2147483647;
			files = (
			);
			runOnlyForDeploymentPostprocessing = 0;
		};
/* End PBXFrameworksBuildPhase section */

/* Begin PBXGroup section */
		71F3EFCD1B3FC6F200F40C6A = {
			isa = PBXGroup;
			children = (
				71F3EFD81B3FC6F200F40C6A /* OneTwoTrip_Test */,
				71F3EFF21B3FC6F200F40C6A /* OneTwoTrip_TestTests */,
				71F3EFD71B3FC6F200F40C6A /* Products */,
			);
			sourceTree = "<group>";
		};
		71F3EFD71B3FC6F200F40C6A /* Products */ = {
			isa = PBXGroup;
			children = (
				71F3EFD61B3FC6F200F40C6A /* OneTwoTrip_Test.app */,
				71F3EFEF1B3FC6F200F40C6A /* OneTwoTrip_TestTests.xctest */,
			);
			name = Products;
			sourceTree = "<group>";
		};
		71F3EFD81B3FC6F200F40C6A /* OneTwoTrip_Test */ = {
			isa = PBXGroup;
			children = (
				71F3EFFF1B3FC71200F40C6A /* Model */,
				71F3EFDD1B3FC6F200F40C6A /* AppDelegate.h */,
				71F3EFDE1B3FC6F200F40C6A /* AppDelegate.m */,
				71F3EFE01B3FC6F200F40C6A /* ViewController.h */,
				71F3EFE11B3FC6F200F40C6A /* ViewController.m */,
				71F3F0081B3FD1B200F40C6A /* TableViewCell.h */,
				71F3F0091B3FD1B200F40C6A /* TableViewCell.m */,
				71F3EFE61B3FC6F200F40C6A /* Images.xcassets */,
				71F3F0061B3FCFCA00F40C6A /* Main.storyboard */,
				71F3EFE81B3FC6F200F40C6A /* LaunchScreen.xib */,
				71F3EFD91B3FC6F200F40C6A /* Supporting Files */,
			);
			path = OneTwoTrip_Test;
			sourceTree = "<group>";
		};
		71F3EFD91B3FC6F200F40C6A /* Supporting Files */ = {
			isa = PBXGroup;
			children = (
				71F3EFDA1B3FC6F200F40C6A /* Info.plist */,
				71F3EFDB1B3FC6F200F40C6A /* main.m */,
			);
			name = "Supporting Files";
			sourceTree = "<group>";
		};
		71F3EFF21B3FC6F200F40C6A /* OneTwoTrip_TestTests */ = {
			isa = PBXGroup;
			children = (
				71F3EFF51B3FC6F200F40C6A /* OneTwoTrip_TestTests.m */,
				71F3EFF31B3FC6F200F40C6A /* Supporting Files */,
			);
			path = OneTwoTrip_TestTests;
			sourceTree = "<group>";
		};
		71F3EFF31B3FC6F200F40C6A /* Supporting Files */ = {
			isa = PBXGroup;
			children = (
				71F3EFF41B3FC6F200F40C6A /* Info.plist */,
			);
			name = "Supporting Files";
			sourceTree = "<group>";
		};
		71F3EFFF1B3FC71200F40C6A /* Model */ = {
			isa = PBXGroup;
			children = (
				71F3F0001B3FC72B00F40C6A /* Man.h */,
				71F3F0011B3FC72B00F40C6A /* Man.m */,
				71F3F0031B3FCA9000F40C6A /* DataSource.h */,
				71F3F0041B3FCA9000F40C6A /* DataSource.m */,
			);
			name = Model;
			sourceTree = "<group>";
		};
/* End PBXGroup section */

/* Begin PBXNativeTarget section */
		71F3EFD51B3FC6F200F40C6A /* OneTwoTrip_Test */ = {
			isa = PBXNativeTarget;
			buildConfigurationList = 71F3EFF91B3FC6F200F40C6A /* Build configuration list for PBXNativeTarget "OneTwoTrip_Test" */;
			buildPhases = (
				71F3EFD21B3FC6F200F40C6A /* Sources */,
				71F3EFD31B3FC6F200F40C6A /* Frameworks */,
				71F3EFD41B3FC6F200F40C6A /* Resources */,
			);
			buildRules = (
			);
			dependencies = (
			);
			name = OneTwoTrip_Test;
			productName = OneTwoTrip_Test;
			productReference = 71F3EFD61B3FC6F200F40C6A /* OneTwoTrip_Test.app */;
			productType = "com.apple.product-type.application";
		};
		71F3EFEE1B3FC6F200F40C6A /* OneTwoTrip_TestTests */ = {
			isa = PBXNativeTarget;
			buildConfigurationList = 71F3EFFC1B3FC6F200F40C6A /* Build configuration list for PBXNativeTarget "OneTwoTrip_TestTests" */;
			buildPhases = (
				71F3EFEB1B3FC6F200F40C6A /* Sources */,
				71F3EFEC1B3FC6F200F40C6A /* Frameworks */,
				71F3EFED1B3FC6F200F40C6A /* Resources */,
			);
			buildRules = (
			);
			dependencies = (
				71F3EFF11B3FC6F200F40C6A /* PBXTargetDependency */,
			);
			name = OneTwoTrip_TestTests;
			productName = OneTwoTrip_TestTests;
			productReference = 71F3EFEF1B3FC6F200F40C6A /* OneTwoTrip_TestTests.xctest */;
			productType = "com.apple.product-type.bundle.unit-test";
		};
/* End PBXNativeTarget section */

/* Begin PBXProject section */
		71F3EFCE1B3FC6F200F40C6A /* Project object */ = {
			isa = PBXProject;
			attributes = {
				LastUpgradeCheck = 0630;
				ORGANIZATIONNAME = kotovmd;
				TargetAttributes = {
					71F3EFD51B3FC6F200F40C6A = {
						CreatedOnToolsVersion = 6.3.1;
					};
					71F3EFEE1B3FC6F200F40C6A = {
						CreatedOnToolsVersion = 6.3.1;
						TestTargetID = 71F3EFD51B3FC6F200F40C6A;
					};
				};
			};
			buildConfigurationList = 71F3EFD11B3FC6F200F40C6A /* Build configuration list for PBXProject "OneTwoTrip_Test" */;
			compatibilityVersion = "Xcode 3.2";
			developmentRegion = English;
			hasScannedForEncodings = 0;
			knownRegions = (
				en,
				Base,
			);
			mainGroup = 71F3EFCD1B3FC6F200F40C6A;
			productRefGroup = 71F3EFD71B3FC6F200F40C6A /* Products */;
			projectDirPath = "";
			projectRoot = "";
			targets = (
				71F3EFD51B3FC6F200F40C6A /* OneTwoTrip_Test */,
				71F3EFEE1B3FC6F200F40C6A /* OneTwoTrip_TestTests */,
			);
		};
/* End PBXProject section */

/* Begin PBXResourcesBuildPhase section */
		71F3EFD41B3FC6F200F40C6A /* Resources */ = {
			isa = PBXResourcesBuildPhase;
			buildActionMask = 2147483647;
			files = (
				71F3F0071B3FCFCA00F40C6A /* Main.storyboard in Resources */,
				71F3EFEA1B3FC6F200F40C6A /* LaunchScreen.xib in Resources */,
				71F3EFE71B3FC6F200F40C6A /* Images.xcassets in Resources */,
			);
			runOnlyForDeploymentPostprocessing = 0;
		};
		71F3EFED1B3FC6F200F40C6A /* Resources */ = {
			isa = PBXResourcesBuildPhase;
			buildActionMask = 2147483647;
			files = (
			);
			runOnlyForDeploymentPostprocessing = 0;
		};
/* End PBXResourcesBuildPhase section */

/* Begin PBXSourcesBuildPhase section */
		71F3EFD21B3FC6F200F40C6A /* Sources */ = {
			isa = PBXSourcesBuildPhase;
			buildActionMask = 2147483647;
			files = (
				71F3F0021B3FC72B00F40C6A /* Man.m in Sources */,
				71F3F00A1B3FD1B200F40C6A /* TableViewCell.m in Sources */,
				71F3F0051B3FCA9000F40C6A /* DataSource.m in Sources */,
				71F3EFE21B3FC6F200F40C6A /* ViewController.m in Sources */,
				71F3EFDF1B3FC6F200F40C6A /* AppDelegate.m in Sources */,
				71F3EFDC1B3FC6F200F40C6A /* main.m in Sources */,
			);
			runOnlyForDeploymentPostprocessing = 0;
		};
		71F3EFEB1B3FC6F200F40C6A /* Sources */ = {
			isa = PBXSourcesBuildPhase;
			buildActionMask = 2147483647;
			files = (
				71F3EFF61B3FC6F200F40C6A /* OneTwoTrip_TestTests.m in Sources */,
			);
			runOnlyForDeploymentPostprocessing = 0;
		};
/* End PBXSourcesBuildPhase section */

/* Begin PBXTargetDependency section */
		71F3EFF11B3FC6F200F40C6A /* PBXTargetDependency */ = {
			isa = PBXTargetDependency;
			target = 71F3EFD51B3FC6F200F40C6A /* OneTwoTrip_Test */;
			targetProxy = 71F3EFF01B3FC6F200F40C6A /* PBXContainerItemProxy */;
		};
/* End PBXTargetDependency section */

/* Begin PBXVariantGroup section */
		71F3EFE81B3FC6F200F40C6A /* LaunchScreen.xib */ = {
			isa = PBXVariantGroup;
			children = (
				71F3EFE91B3FC6F200F40C6A /* Base */,
			);
			name = LaunchScreen.xib;
			sourceTree = "<group>";
		};
/* End PBXVariantGroup section */

/* Begin XCBuildConfiguration section */
		71F3EFF71B3FC6F200F40C6A /* Debug */ = {
			isa = XCBuildConfiguration;
			buildSettings = {
				ALWAYS_SEARCH_USER_PATHS = NO;
				CLANG_CXX_LANGUAGE_STANDARD = "gnu++0x";
				CLANG_CXX_LIBRARY = "libc++";
				CLANG_ENABLE_MODULES = YES;
				CLANG_ENABLE_OBJC_ARC = YES;
				CLANG_WARN_BOOL_CONVERSION = YES;
				CLANG_WARN_CONSTANT_CONVERSION = YES;
				CLANG_WARN_DIRECT_OBJC_ISA_USAGE = YES_ERROR;
				CLANG_WARN_EMPTY_BODY = YES;
				CLANG_WARN_ENUM_CONVERSION = YES;
				CLANG_WARN_INT_CONVERSION = YES;
				CLANG_WARN_OBJC_ROOT_CLASS = YES_ERROR;
				CLANG_WARN_UNREACHABLE_CODE = YES;
				CLANG_WARN__DUPLICATE_METHOD_MATCH = YES;
				"CODE_SIGN_IDENTITY[sdk=iphoneos*]" = "iPhone Developer";
				COPY_PHASE_STRIP = NO;
				DEBUG_INFORMATION_FORMAT = "dwarf-with-dsym";
				ENABLE_STRICT_OBJC_MSGSEND = YES;
				GCC_C_LANGUAGE_STANDARD = gnu99;
				GCC_DYNAMIC_NO_PIC = NO;
				GCC_NO_COMMON_BLOCKS = YES;
				GCC_OPTIMIZATION_LEVEL = 0;
				GCC_PREPROCESSOR_DEFINITIONS = (
					"DEBUG=1",
					"$(inherited)",
				);
				GCC_SYMBOLS_PRIVATE_EXTERN = NO;
				GCC_WARN_64_TO_32_BIT_CONVERSION = YES;
				GCC_WARN_ABOUT_RETURN_TYPE = YES_ERROR;
				GCC_WARN_UNDECLARED_SELECTOR = YES;
				GCC_WARN_UNINITIALIZED_AUTOS = YES_AGGRESSIVE;
				GCC_WARN_UNUSED_FUNCTION = YES;
				GCC_WARN_UNUSED_VARIABLE = YES;
				IPHONEOS_DEPLOYMENT_TARGET = 8.3;
				MTL_ENABLE_DEBUG_INFO = YES;
				ONLY_ACTIVE_ARCH = YES;
				SDKROOT = iphoneos;
				TARGETED_DEVICE_FAMILY = "1,2";
			};
			name = Debug;
		};
		71F3EFF81B3FC6F200F40C6A /* Release */ = {
			isa = XCBuildConfiguration;
			buildSettings = {
				ALWAYS_SEARCH_USER_PATHS = NO;
				CLANG_CXX_LANGUAGE_STANDARD = "gnu++0x";
				CLANG_CXX_LIBRARY = "libc++";
				CLANG_ENABLE_MODULES = YES;
				CLANG_ENABLE_OBJC_ARC = YES;
				CLANG_WARN_BOOL_CONVERSION = YES;
				CLANG_WARN_CONSTANT_CONVERSION = YES;
				CLANG_WARN_DIRECT_OBJC_ISA_USAGE = YES_ERROR;
				CLANG_WARN_EMPTY_BODY = YES;
				CLANG_WARN_ENUM_CONVERSION = YES;
				CLANG_WARN_INT_CONVERSION = YES;
				CLANG_WARN_OBJC_ROOT_CLASS = YES_ERROR;
				CLANG_WARN_UNREACHABLE_CODE = YES;
				CLANG_WARN__DUPLICATE_METHOD_MATCH = YES;
				"CODE_SIGN_IDENTITY[sdk=iphoneos*]" = "iPhone Developer";
				COPY_PHASE_STRIP = NO;
				DEBUG_INFORMATION_FORMAT = "dwarf-with-dsym";
				ENABLE_NS_ASSERTIONS = NO;
				ENABLE_STRICT_OBJC_MSGSEND = YES;
				GCC_C_LANGUAGE_STANDARD = gnu99;
				GCC_NO_COMMON_BLOCKS = YES;
				GCC_WARN_64_TO_32_BIT_CONVERSION = YES;
				GCC_WARN_ABOUT_RETURN_TYPE = YES_ERROR;
				GCC_WARN_UNDECLARED_SELECTOR = YES;
				GCC_WARN_UNINITIALIZED_AUTOS = YES_AGGRESSIVE;
				GCC_WARN_UNUSED_FUNCTION = YES;
				GCC_WARN_UNUSED_VARIABLE = YES;
				IPHONEOS_DEPLOYMENT_TARGET = 8.3;
				MTL_ENABLE_DEBUG_INFO = NO;
				SDKROOT = iphoneos;
				TARGETED_DEVICE_FAMILY = "1,2";
				VALIDATE_PRODUCT = YES;
			};
			name = Release;
		};
		71F3EFFA1B3FC6F200F40C6A /* Debug */ = {
			isa = XCBuildConfiguration;
			buildSettings = {
				ASSETCATALOG_COMPILER_APPICON_NAME = AppIcon;
				INFOPLIST_FILE = OneTwoTrip_Test/Info.plist;
				LD_RUNPATH_SEARCH_PATHS = "$(inherited) @executable_path/Frameworks";
				PRODUCT_NAME = "$(TARGET_NAME)";
			};
			name = Debug;
		};
		71F3EFFB1B3FC6F200F40C6A /* Release */ = {
			isa = XCBuildConfiguration;
			buildSettings = {
				ASSETCATALOG_COMPILER_APPICON_NAME = AppIcon;
				INFOPLIST_FILE = OneTwoTrip_Test/Info.plist;
				LD_RUNPATH_SEARCH_PATHS = "$(inherited) @executable_path/Frameworks";
				PRODUCT_NAME = "$(TARGET_NAME)";
			};
			name = Release;
		};
		71F3EFFD1B3FC6F200F40C6A /* Debug */ = {
			isa = XCBuildConfiguration;
			buildSettings = {
				BUNDLE_LOADER = "$(TEST_HOST)";
				FRAMEWORK_SEARCH_PATHS = (
					"$(SDKROOT)/Developer/Library/Frameworks",
					"$(inherited)",
				);
				GCC_PREPROCESSOR_DEFINITIONS = (
					"DEBUG=1",
					"$(inherited)",
				);
				INFOPLIST_FILE = OneTwoTrip_TestTests/Info.plist;
				LD_RUNPATH_SEARCH_PATHS = "$(inherited) @executable_path/Frameworks @loader_path/Frameworks";
				PRODUCT_NAME = "$(TARGET_NAME)";
				TEST_HOST = "$(BUILT_PRODUCTS_DIR)/OneTwoTrip_Test.app/OneTwoTrip_Test";
			};
			name = Debug;
		};
		71F3EFFE1B3FC6F200F40C6A /* Release */ = {
			isa = XCBuildConfiguration;
			buildSettings = {
				BUNDLE_LOADER = "$(TEST_HOST)";
				FRAMEWORK_SEARCH_PATHS = (
					"$(SDKROOT)/Developer/Library/Frameworks",
					"$(inherited)",
				);
				INFOPLIST_FILE = OneTwoTrip_TestTests/Info.plist;
				LD_RUNPATH_SEARCH_PATHS = "$(inherited) @executable_path/Frameworks @loader_path/Frameworks";
				PRODUCT_NAME = "$(TARGET_NAME)";
				TEST_HOST = "$(BUILT_PRODUCTS_DIR)/OneTwoTrip_Test.app/OneTwoTrip_Test";
			};
			name = Release;
		};
/* End XCBuildConfiguration section */

/* Begin XCConfigurationList section */
		71F3EFD11B3FC6F200F40C6A /* Build configuration list for PBXProject "OneTwoTrip_Test" */ = {
			isa = XCConfigurationList;
			buildConfigurations = (
				71F3EFF71B3FC6F200F40C6A /* Debug */,
				71F3EFF81B3FC6F200F40C6A /* Release */,
			);
			defaultConfigurationIsVisible = 0;
			defaultConfigurationName = Release;
		};
		71F3EFF91B3FC6F200F40C6A /* Build configuration list for PBXNativeTarget "OneTwoTrip_Test" */ = {
			isa = XCConfigurationList;
			buildConfigurations = (
				71F3EFFA1B3FC6F200F40C6A /* Debug */,
				71F3EFFB1B3FC6F200F40C6A /* Release */,
			);
			defaultConfigurationIsVisible = 0;
		};
		71F3EFFC1B3FC6F200F40C6A /* Build configuration list for PBXNativeTarget "OneTwoTrip_TestTests" */ = {
			isa = XCConfigurationList;
			buildConfigurations = (
				71F3EFFD1B3FC6F200F40C6A /* Debug */,
				71F3EFFE1B3FC6F200F40C6A /* Release */,
			);
			defaultConfigurationIsVisible = 0;
		};
/* End XCConfigurationList section */
	};
	rootObject = 71F3EFCE1B3FC6F200F40C6A /* Project object */;
}
